
Microsoft Visual Studio Solution File, Format Version 12.00
# Visual Studio 2012
Project("{FAE04EC0-301F-11D3-BF4B-00C04F79EFBC}") = "Badge", "Badge\Badge.csproj", "{315F0C54-0BE8-41D6-A67E-986A00096E7F}"
EndProject
Project("{FAE04EC0-301F-11D3-BF4B-00C04F79EFBC}") = "Proattiva.Utils.Phone", "..\PaintItAll\Proattiva.Utils.Phone\Proattiva.Utils.Phone.csproj", "{41F4D7E6-76E4-489E-9C69-1A31A9CA21BF}"
EndProject
Project("{FAE04EC0-301F-11D3-BF4B-00C04F79EFBC}") = "DataBoundApp1", "DataBoundApp1\DataBoundApp1.csproj", "{B3854A52-0CE1-496F-B7C1-EE803504FAB8}"
EndProject
Global
	GlobalSection(SolutionConfigurationPlatforms) = preSolution
		Debug|Any CPU = Debug|Any CPU
		Release|Any CPU = Release|Any CPU
	EndGlobalSection
	GlobalSection(ProjectConfigurationPlatforms) = postSolution
		{315F0C54-0BE8-41D6-A67E-986A00096E7F}.Debug|Any CPU.ActiveCfg = Debug|Any CPU
		{315F0C54-0BE8-41D6-A67E-986A00096E7F}.Debug|Any CPU.Build.0 = Debug|Any CPU
		{315F0C54-0BE8-41D6-A67E-986A00096E7F}.Debug|Any CPU.Deploy.0 = Debug|Any CPU
		{315F0C54-0BE8-41D6-A67E-986A00096E7F}.Release|Any CPU.ActiveCfg = Release|Any CPU
		{315F0C54-0BE8-41D6-A67E-986A00096E7F}.Release|Any CPU.Build.0 = Release|Any CPU
		{315F0C54-0BE8-41D6-A67E-986A00096E7F}.Release|Any CPU.Deploy.0 = Release|Any CPU
		{41F4D7E6-76E4-489E-9C69-1A31A9CA21BF}.Debug|Any CPU.ActiveCfg = Debug|Any CPU
		{41F4D7E6-76E4-489E-9C69-1A31A9CA21BF}.Debug|Any CPU.Build.0 = Debug|Any CPU
		{41F4D7E6-76E4-489E-9C69-1A31A9CA21BF}.Release|Any CPU.ActiveCfg = Release|Any CPU
		{41F4D7E6-76E4-489E-9C69-1A31A9CA21BF}.Release|Any CPU.Build.0 = Release|Any CPU
		{B3854A52-0CE1-496F-B7C1-EE803504FAB8}.Debug|Any CPU.ActiveCfg = Debug|Any CPU
		{B3854A52-0CE1-496F-B7C1-EE803504FAB8}.Debug|Any CPU.Build.0 = Debug|Any CPU
		{B3854A52-0CE1-496F-B7C1-EE803504FAB8}.Debug|Any CPU.Deploy.0 = Debug|Any CPU
		{B3854A52-0CE1-496F-B7C1-EE803504FAB8}.Release|Any CPU.ActiveCfg = Release|Any CPU
		{B3854A52-0CE1-496F-B7C1-EE803504FAB8}.Release|Any CPU.Build.0 = Release|Any CPU
		{B3854A52-0CE1-496F-B7C1-EE803504FAB8}.Release|Any CPU.Deploy.0 = Release|Any CPU
	EndGlobalSection
	GlobalSection(SolutionProperties) = preSolution
		HideSolutionNode = FALSE
	EndGlobalSection
EndGlobal
